// !$*UTF8*$!
{
	archiveVersion = 1;
	classes = {
	};
	objectVersion = 50;
	objects = {

/* Begin PBXBuildFile section */
		4AEB372D23CB60100001A017 /* AppDelegate.swift in Sources */ = {isa = PBXBuildFile; fileRef = 4AEB372C23CB60100001A017 /* AppDelegate.swift */; };
		4AEB372F23CB60100001A017 /* ViewController.swift in Sources */ = {isa = PBXBuildFile; fileRef = 4AEB372E23CB60100001A017 /* ViewController.swift */; };
		4AEB373223CB60100001A017 /* Main.storyboard in Resources */ = {isa = PBXBuildFile; fileRef = 4AEB373023CB60100001A017 /* Main.storyboard */; };
		4AEB373423CB60110001A017 /* Assets.xcassets in Resources */ = {isa = PBXBuildFile; fileRef = 4AEB373323CB60110001A017 /* Assets.xcassets */; };
		4AEB373723CB60110001A017 /* LaunchScreen.storyboard in Resources */ = {isa = PBXBuildFile; fileRef = 4AEB373523CB60110001A017 /* LaunchScreen.storyboard */; };
		4AEB374223CB60120001A017 /* QittaApiAppTests.swift in Sources */ = {isa = PBXBuildFile; fileRef = 4AEB374123CB60120001A017 /* QittaApiAppTests.swift */; };
		4AEB374D23CB60120001A017 /* QittaApiAppUITests.swift in Sources */ = {isa = PBXBuildFile; fileRef = 4AEB374C23CB60120001A017 /* QittaApiAppUITests.swift */; };
		4AEB375B23CB618D0001A017 /* QiitaViewModel.swift in Sources */ = {isa = PBXBuildFile; fileRef = 4AEB375A23CB618D0001A017 /* QiitaViewModel.swift */; };
/* End PBXBuildFile section */

/* Begin PBXContainerItemProxy section */
		4AEB373E23CB60120001A017 /* PBXContainerItemProxy */ = {
			isa = PBXContainerItemProxy;
			containerPortal = 4AEB372123CB60100001A017 /* Project object */;
			proxyType = 1;
			remoteGlobalIDString = 4AEB372823CB60100001A017;
			remoteInfo = QittaApiApp;
		};
		4AEB374923CB60120001A017 /* PBXContainerItemProxy */ = {
			isa = PBXContainerItemProxy;
			containerPortal = 4AEB372123CB60100001A017 /* Project object */;
			proxyType = 1;
			remoteGlobalIDString = 4AEB372823CB60100001A017;
			remoteInfo = QittaApiApp;
		};
/* End PBXContainerItemProxy section */

/* Begin PBXFileReference section */
		4AEB372923CB60100001A017 /* QittaApiApp.app */ = {isa = PBXFileReference; explicitFileType = wrapper.application; includeInIndex = 0; path = QittaApiApp.app; sourceTree = BUILT_PRODUCTS_DIR; };
		4AEB372C23CB60100001A017 /* AppDelegate.swift */ = {isa = PBXFileReference; lastKnownFileType = sourcecode.swift; path = AppDelegate.swift; sourceTree = "<group>"; };
		4AEB372E23CB60100001A017 /* ViewController.swift */ = {isa = PBXFileReference; lastKnownFileType = sourcecode.swift; path = ViewController.swift; sourceTree = "<group>"; };
		4AEB373123CB60100001A017 /* Base */ = {isa = PBXFileReference; lastKnownFileType = file.storyboard; name = Base; path = Base.lproj/Main.storyboard; sourceTree = "<group>"; };
		4AEB373323CB60110001A017 /* Assets.xcassets */ = {isa = PBXFileReference; lastKnownFileType = folder.assetcatalog; path = Assets.xcassets; sourceTree = "<group>"; };
		4AEB373623CB60110001A017 /* Base */ = {isa = PBXFileReference; lastKnownFileType = file.storyboard; name = Base; path = Base.lproj/LaunchScreen.storyboard; sourceTree = "<group>"; };
		4AEB373823CB60110001A017 /* Info.plist */ = {isa = PBXFileReference; lastKnownFileType = text.plist.xml; path = Info.plist; sourceTree = "<group>"; };
		4AEB373D23CB60120001A017 /* QittaApiAppTests.xctest */ = {isa = PBXFileReference; explicitFileType = wrapper.cfbundle; includeInIndex = 0; path = QittaApiAppTests.xctest; sourceTree = BUILT_PRODUCTS_DIR; };
		4AEB374123CB60120001A017 /* QittaApiAppTests.swift */ = {isa = PBXFileReference; lastKnownFileType = sourcecode.swift; path = QittaApiAppTests.swift; sourceTree = "<group>"; };
		4AEB374323CB60120001A017 /* Info.plist */ = {isa = PBXFileReference; lastKnownFileType = text.plist.xml; path = Info.plist; sourceTree = "<group>"; };
		4AEB374823CB60120001A017 /* QittaApiAppUITests.xctest */ = {isa = PBXFileReference; explicitFileType = wrapper.cfbundle; includeInIndex = 0; path = QittaApiAppUITests.xctest; sourceTree = BUILT_PRODUCTS_DIR; };
		4AEB374C23CB60120001A017 /* QittaApiAppUITests.swift */ = {isa = PBXFileReference; lastKnownFileType = sourcecode.swift; path = QittaApiAppUITests.swift; sourceTree = "<group>"; };
		4AEB374E23CB60120001A017 /* Info.plist */ = {isa = PBXFileReference; lastKnownFileType = text.plist.xml; path = Info.plist; sourceTree = "<group>"; };
		4AEB375A23CB618D0001A017 /* QiitaViewModel.swift */ = {isa = PBXFileReference; lastKnownFileType = sourcecode.swift; path = QiitaViewModel.swift; sourceTree = "<group>"; };
/* End PBXFileReference section */

/* Begin PBXFrameworksBuildPhase section */
		4AEB372623CB60100001A017 /* Frameworks */ = {
			isa = PBXFrameworksBuildPhase;
			buildActionMask = 2147483647;
			files = (
			);
			runOnlyForDeploymentPostprocessing = 0;
		};
		4AEB373A23CB60120001A017 /* Frameworks */ = {
			isa = PBXFrameworksBuildPhase;
			buildActionMask = 2147483647;
			files = (
			);
			runOnlyForDeploymentPostprocessing = 0;
		};
		4AEB374523CB60120001A017 /* Frameworks */ = {
			isa = PBXFrameworksBuildPhase;
			buildActionMask = 2147483647;
			files = (
			);
			runOnlyForDeploymentPostprocessing = 0;
		};
/* End PBXFrameworksBuildPhase section */

/* Begin PBXGroup section */
		4AEB372023CB60100001A017 = {
			isa = PBXGroup;
			children = (
				4AEB372B23CB60100001A017 /* QittaApiApp */,
				4AEB374023CB60120001A017 /* QittaApiAppTests */,
				4AEB374B23CB60120001A017 /* QittaApiAppUITests */,
				4AEB372A23CB60100001A017 /* Products */,
			);
			sourceTree = "<group>";
		};
		4AEB372A23CB60100001A017 /* Products */ = {
			isa = PBXGroup;
			children = (
				4AEB372923CB60100001A017 /* QittaApiApp.app */,
				4AEB373D23CB60120001A017 /* QittaApiAppTests.xctest */,
				4AEB374823CB60120001A017 /* QittaApiAppUITests.xctest */,
			);
			name = Products;
			sourceTree = "<group>";
		};
		4AEB372B23CB60100001A017 /* QittaApiApp */ = {
			isa = PBXGroup;
			children = (
				4AEB372C23CB60100001A017 /* AppDelegate.swift */,
				4AEB372E23CB60100001A017 /* ViewController.swift */,
				4AEB375A23CB618D0001A017 /* QiitaViewModel.swift */,
				4AEB373023CB60100001A017 /* Main.storyboard */,
				4AEB373323CB60110001A017 /* Assets.xcassets */,
				4AEB373523CB60110001A017 /* LaunchScreen.storyboard */,
				4AEB373823CB60110001A017 /* Info.plist */,
			);
			path = QittaApiApp;
			sourceTree = "<group>";
		};
		4AEB374023CB60120001A017 /* QittaApiAppTests */ = {
			isa = PBXGroup;
			children = (
				4AEB374123CB60120001A017 /* QittaApiAppTests.swift */,
				4AEB374323CB60120001A017 /* Info.plist */,
			);
			path = QittaApiAppTests;
			sourceTree = "<group>";
		};
		4AEB374B23CB60120001A017 /* QittaApiAppUITests */ = {
			isa = PBXGroup;
			children = (
				4AEB374C23CB60120001A017 /* QittaApiAppUITests.swift */,
				4AEB374E23CB60120001A017 /* Info.plist */,
			);
			path = QittaApiAppUITests;
			sourceTree = "<group>";
		};
/* End PBXGroup section */

/* Begin PBXNativeTarget section */
		4AEB372823CB60100001A017 /* QittaApiApp */ = {
			isa = PBXNativeTarget;
			buildConfigurationList = 4AEB375123CB60120001A017 /* Build configuration list for PBXNativeTarget "QittaApiApp" */;
			buildPhases = (
				4AEB372523CB60100001A017 /* Sources */,
				4AEB372623CB60100001A017 /* Frameworks */,
				4AEB372723CB60100001A017 /* Resources */,
			);
			buildRules = (
			);
			dependencies = (
			);
			name = QittaApiApp;
			productName = QittaApiApp;
			productReference = 4AEB372923CB60100001A017 /* QittaApiApp.app */;
			productType = "com.apple.product-type.application";
		};
		4AEB373C23CB60120001A017 /* QittaApiAppTests */ = {
			isa = PBXNativeTarget;
			buildConfigurationList = 4AEB375423CB60120001A017 /* Build configuration list for PBXNativeTarget "QittaApiAppTests" */;
			buildPhases = (
				4AEB373923CB60120001A017 /* Sources */,
				4AEB373A23CB60120001A017 /* Frameworks */,
				4AEB373B23CB60120001A017 /* Resources */,
			);
			buildRules = (
			);
			dependencies = (
				4AEB373F23CB60120001A017 /* PBXTargetDependency */,
			);
			name = QittaApiAppTests;
			productName = QittaApiAppTests;
			productReference = 4AEB373D23CB60120001A017 /* QittaApiAppTests.xctest */;
			productType = "com.apple.product-type.bundle.unit-test";
		};
		4AEB374723CB60120001A017 /* QittaApiAppUITests */ = {
			isa = PBXNativeTarget;
			buildConfigurationList = 4AEB375723CB60120001A017 /* Build configuration list for PBXNativeTarget "QittaApiAppUITests" */;
			buildPhases = (
				4AEB374423CB60120001A017 /* Sources */,
				4AEB374523CB60120001A017 /* Frameworks */,
				4AEB374623CB60120001A017 /* Resources */,
			);
			buildRules = (
			);
			dependencies = (
				4AEB374A23CB60120001A017 /* PBXTargetDependency */,
			);
			name = QittaApiAppUITests;
			productName = QittaApiAppUITests;
			productReference = 4AEB374823CB60120001A017 /* QittaApiAppUITests.xctest */;
			productType = "com.apple.product-type.bundle.ui-testing";
		};
/* End PBXNativeTarget section */

/* Begin PBXProject section */
		4AEB372123CB60100001A017 /* Project object */ = {
			isa = PBXProject;
			attributes = {
				LastSwiftUpdateCheck = 1030;
				LastUpgradeCheck = 1030;
				ORGANIZATIONNAME = "小澤謙太郎";
				TargetAttributes = {
					4AEB372823CB60100001A017 = {
						CreatedOnToolsVersion = 10.3;
					};
					4AEB373C23CB60120001A017 = {
						CreatedOnToolsVersion = 10.3;
						TestTargetID = 4AEB372823CB60100001A017;
					};
					4AEB374723CB60120001A017 = {
						CreatedOnToolsVersion = 10.3;
						TestTargetID = 4AEB372823CB60100001A017;
					};
				};
			};
			buildConfigurationList = 4AEB372423CB60100001A017 /* Build configuration list for PBXProject "QittaApiApp" */;
			compatibilityVersion = "Xcode 9.3";
			developmentRegion = en;
			hasScannedForEncodings = 0;
			knownRegions = (
				en,
				Base,
			);
			mainGroup = 4AEB372023CB60100001A017;
			productRefGroup = 4AEB372A23CB60100001A017 /* Products */;
			projectDirPath = "";
			projectRoot = "";
			targets = (
				4AEB372823CB60100001A017 /* QittaApiApp */,
				4AEB373C23CB60120001A017 /* QittaApiAppTests */,
				4AEB374723CB60120001A017 /* QittaApiAppUITests */,
			);
		};
/* End PBXProject section */

/* Begin PBXResourcesBuildPhase section */
		4AEB372723CB60100001A017 /* Resources */ = {
			isa = PBXResourcesBuildPhase;
			buildActionMask = 2147483647;
			files = (
				4AEB373723CB60110001A017 /* LaunchScreen.storyboard in Resources */,
				4AEB373423CB60110001A017 /* Assets.xcassets in Resources */,
				4AEB373223CB60100001A017 /* Main.storyboard in Resources */,
			);
			runOnlyForDeploymentPostprocessing = 0;
		};
		4AEB373B23CB60120001A017 /* Resources */ = {
			isa = PBXResourcesBuildPhase;
			buildActionMask = 2147483647;
			files = (
			);
			runOnlyForDeploymentPostprocessing = 0;
		};
		4AEB374623CB60120001A017 /* Resources */ = {
			isa = PBXResourcesBuildPhase;
			buildActionMask = 2147483647;
			files = (
			);
			runOnlyForDeploymentPostprocessing = 0;
		};
/* End PBXResourcesBuildPhase section */

/* Begin PBXSourcesBuildPhase section */
		4AEB372523CB60100001A017 /* Sources */ = {
			isa = PBXSourcesBuildPhase;
			buildActionMask = 2147483647;
			files = (
				4AEB372F23CB60100001A017 /* ViewController.swift in Sources */,
				4AEB372D23CB60100001A017 /* AppDelegate.swift in Sources */,
				4AEB375B23CB618D0001A017 /* QiitaViewModel.swift in Sources */,
			);
			runOnlyForDeploymentPostprocessing = 0;
		};
		4AEB373923CB60120001A017 /* Sources */ = {
			isa = PBXSourcesBuildPhase;
			buildActionMask = 2147483647;
			files = (
				4AEB374223CB60120001A017 /* QittaApiAppTests.swift in Sources */,
			);
			runOnlyForDeploymentPostprocessing = 0;
		};
		4AEB374423CB60120001A017 /* Sources */ = {
			isa = PBXSourcesBuildPhase;
			buildActionMask = 2147483647;
			files = (
				4AEB374D23CB60120001A017 /* QittaApiAppUITests.swift in Sources */,
			);
			runOnlyForDeploymentPostprocessing = 0;
		};
/* End PBXSourcesBuildPhase section */

/* Begin PBXTargetDependency section */
		4AEB373F23CB60120001A017 /* PBXTargetDependency */ = {
			isa = PBXTargetDependency;
			target = 4AEB372823CB60100001A017 /* QittaApiApp */;
			targetProxy = 4AEB373E23CB60120001A017 /* PBXContainerItemProxy */;
		};
		4AEB374A23CB60120001A017 /* PBXTargetDependency */ = {
			isa = PBXTargetDependency;
			target = 4AEB372823CB60100001A017 /* QittaApiApp */;
			targetProxy = 4AEB374923CB60120001A017 /* PBXContainerItemProxy */;
		};
/* End PBXTargetDependency section */

/* Begin PBXVariantGroup section */
		4AEB373023CB60100001A017 /* Main.storyboard */ = {
			isa = PBXVariantGroup;
			children = (
				4AEB373123CB60100001A017 /* Base */,
			);
			name = Main.storyboard;
			sourceTree = "<group>";
		};
		4AEB373523CB60110001A017 /* LaunchScreen.storyboard */ = {
			isa = PBXVariantGroup;
			children = (
				4AEB373623CB60110001A017 /* Base */,
			);
			name = LaunchScreen.storyboard;
			sourceTree = "<group>";
		};
/* End PBXVariantGroup section */

/* Begin XCBuildConfiguration section */
		4AEB374F23CB60120001A017 /* Debug */ = {
			isa = XCBuildConfiguration;
			buildSettings = {
				ALWAYS_SEARCH_USER_PATHS = NO;
				CLANG_ANALYZER_NONNULL = YES;
				CLANG_ANALYZER_NUMBER_OBJECT_CONVERSION = YES_AGGRESSIVE;
				CLANG_CXX_LANGUAGE_STANDARD = "gnu++14";
				CLANG_CXX_LIBRARY = "libc++";
				CLANG_ENABLE_MODULES = YES;
				CLANG_ENABLE_OBJC_ARC = YES;
				CLANG_ENABLE_OBJC_WEAK = YES;
				CLANG_WARN_BLOCK_CAPTURE_AUTORELEASING = YES;
				CLANG_WARN_BOOL_CONVERSION = YES;
				CLANG_WARN_COMMA = YES;
				CLANG_WARN_CONSTANT_CONVERSION = YES;
				CLANG_WARN_DEPRECATED_OBJC_IMPLEMENTATIONS = YES;
				CLANG_WARN_DIRECT_OBJC_ISA_USAGE = YES_ERROR;
				CLANG_WARN_DOCUMENTATION_COMMENTS = YES;
				CLANG_WARN_EMPTY_BODY = YES;
				CLANG_WARN_ENUM_CONVERSION = YES;
				CLANG_WARN_INFINITE_RECURSION = YES;
				CLANG_WARN_INT_CONVERSION = YES;
				CLANG_WARN_NON_LITERAL_NULL_CONVERSION = YES;
				CLANG_WARN_OBJC_IMPLICIT_RETAIN_SELF = YES;
				CLANG_WARN_OBJC_LITERAL_CONVERSION = YES;
				CLANG_WARN_OBJC_ROOT_CLASS = YES_ERROR;
				CLANG_WARN_RANGE_LOOP_ANALYSIS = YES;
				CLANG_WARN_STRICT_PROTOTYPES = YES;
				CLANG_WARN_SUSPICIOUS_MOVE = YES;
				CLANG_WARN_UNGUARDED_AVAILABILITY = YES_AGGRESSIVE;
				CLANG_WARN_UNREACHABLE_CODE = YES;
				CLANG_WARN__DUPLICATE_METHOD_MATCH = YES;
				CODE_SIGN_IDENTITY = "iPhone Developer";
				COPY_PHASE_STRIP = NO;
				DEBUG_INFORMATION_FORMAT = dwarf;
				ENABLE_STRICT_OBJC_MSGSEND = YES;
				ENABLE_TESTABILITY = YES;
				GCC_C_LANGUAGE_STANDARD = gnu11;
				GCC_DYNAMIC_NO_PIC = NO;
				GCC_NO_COMMON_BLOCKS = YES;
				GCC_OPTIMIZATION_LEVEL = 0;
				GCC_PREPROCESSOR_DEFINITIONS = (
					"DEBUG=1",
					"$(inherited)",
				);
				GCC_WARN_64_TO_32_BIT_CONVERSION = YES;
				GCC_WARN_ABOUT_RETURN_TYPE = YES_ERROR;
				GCC_WARN_UNDECLARED_SELECTOR = YES;
				GCC_WARN_UNINITIALIZED_AUTOS = YES_AGGRESSIVE;
				GCC_WARN_UNUSED_FUNCTION = YES;
				GCC_WARN_UNUSED_VARIABLE = YES;
				IPHONEOS_DEPLOYMENT_TARGET = 12.4;
				MTL_ENABLE_DEBUG_INFO = INCLUDE_SOURCE;
				MTL_FAST_MATH = YES;
				ONLY_ACTIVE_ARCH = YES;
				SDKROOT = iphoneos;
				SWIFT_ACTIVE_COMPILATION_CONDITIONS = DEBUG;
				SWIFT_OPTIMIZATION_LEVEL = "-Onone";
			};
			name = Debug;
		};
		4AEB375023CB60120001A017 /* Release */ = {
			isa = XCBuildConfiguration;
			buildSettings = {
				ALWAYS_SEARCH_USER_PATHS = NO;
				CLANG_ANALYZER_NONNULL = YES;
				CLANG_ANALYZER_NUMBER_OBJECT_CONVERSION = YES_AGGRESSIVE;
				CLANG_CXX_LANGUAGE_STANDARD = "gnu++14";
				CLANG_CXX_LIBRARY = "libc++";
				CLANG_ENABLE_MODULES = YES;
				CLANG_ENABLE_OBJC_ARC = YES;
				CLANG_ENABLE_OBJC_WEAK = YES;
				CLANG_WARN_BLOCK_CAPTURE_AUTORELEASING = YES;
				CLANG_WARN_BOOL_CONVERSION = YES;
				CLANG_WARN_COMMA = YES;
				CLANG_WARN_CONSTANT_CONVERSION = YES;
				CLANG_WARN_DEPRECATED_OBJC_IMPLEMENTATIONS = YES;
				CLANG_WARN_DIRECT_OBJC_ISA_USAGE = YES_ERROR;
				CLANG_WARN_DOCUMENTATION_COMMENTS = YES;
				CLANG_WARN_EMPTY_BODY = YES;
				CLANG_WARN_ENUM_CONVERSION = YES;
				CLANG_WARN_INFINITE_RECURSION = YES;
				CLANG_WARN_INT_CONVERSION = YES;
				CLANG_WARN_NON_LITERAL_NULL_CONVERSION = YES;
				CLANG_WARN_OBJC_IMPLICIT_RETAIN_SELF = YES;
				CLANG_WARN_OBJC_LITERAL_CONVERSION = YES;
				CLANG_WARN_OBJC_ROOT_CLASS = YES_ERROR;
				CLANG_WARN_RANGE_LOOP_ANALYSIS = YES;
				CLANG_WARN_STRICT_PROTOTYPES = YES;
				CLANG_WARN_SUSPICIOUS_MOVE = YES;
				CLANG_WARN_UNGUARDED_AVAILABILITY = YES_AGGRESSIVE;
				CLANG_WARN_UNREACHABLE_CODE = YES;
				CLANG_WARN__DUPLICATE_METHOD_MATCH = YES;
				CODE_SIGN_IDENTITY = "iPhone Developer";
				COPY_PHASE_STRIP = NO;
				DEBUG_INFORMATION_FORMAT = "dwarf-with-dsym";
				ENABLE_NS_ASSERTIONS = NO;
				ENABLE_STRICT_OBJC_MSGSEND = YES;
				GCC_C_LANGUAGE_STANDARD = gnu11;
				GCC_NO_COMMON_BLOCKS = YES;
				GCC_WARN_64_TO_32_BIT_CONVERSION = YES;
				GCC_WARN_ABOUT_RETURN_TYPE = YES_ERROR;
				GCC_WARN_UNDECLARED_SELECTOR = YES;
				GCC_WARN_UNINITIALIZED_AUTOS = YES_AGGRESSIVE;
				GCC_WARN_UNUSED_FUNCTION = YES;
				GCC_WARN_UNUSED_VARIABLE = YES;
				IPHONEOS_DEPLOYMENT_TARGET = 12.4;
				MTL_ENABLE_DEBUG_INFO = NO;
				MTL_FAST_MATH = YES;
				SDKROOT = iphoneos;
				SWIFT_COMPILATION_MODE = wholemodule;
				SWIFT_OPTIMIZATION_LEVEL = "-O";
				VALIDATE_PRODUCT = YES;
			};
			name = Release;
		};
		4AEB375223CB60120001A017 /* Debug */ = {
			isa = XCBuildConfiguration;
			buildSettings = {
				ASSETCATALOG_COMPILER_APPICON_NAME = AppIcon;
				CODE_SIGN_STYLE = Automatic;
				INFOPLIST_FILE = QittaApiApp/Info.plist;
				LD_RUNPATH_SEARCH_PATHS = (
					"$(inherited)",
					"@executable_path/Frameworks",
				);
				PRODUCT_BUNDLE_IDENTIFIER = "com.gmail-muranomurabito.QittaApiApp";
				PRODUCT_NAME = "$(TARGET_NAME)";
				SWIFT_VERSION = 5.0;
				TARGETED_DEVICE_FAMILY = "1,2";
			};
			name = Debug;
		};
		4AEB375323CB60120001A017 /* Release */ = {
			isa = XCBuildConfiguration;
			buildSettings = {
				ASSETCATALOG_COMPILER_APPICON_NAME = AppIcon;
				CODE_SIGN_STYLE = Automatic;
				INFOPLIST_FILE = QittaApiApp/Info.plist;
				LD_RUNPATH_SEARCH_PATHS = (
					"$(inherited)",
					"@executable_path/Frameworks",
				);
				PRODUCT_BUNDLE_IDENTIFIER = "com.gmail-muranomurabito.QittaApiApp";
				PRODUCT_NAME = "$(TARGET_NAME)";
				SWIFT_VERSION = 5.0;
				TARGETED_DEVICE_FAMILY = "1,2";
			};
			name = Release;
		};
		4AEB375523CB60120001A017 /* Debug */ = {
			isa = XCBuildConfiguration;
			buildSettings = {
				ALWAYS_EMBED_SWIFT_STANDARD_LIBRARIES = YES;
				BUNDLE_LOADER = "$(TEST_HOST)";
				CODE_SIGN_STYLE = Automatic;
				INFOPLIST_FILE = QittaApiAppTests/Info.plist;
				LD_RUNPATH_SEARCH_PATHS = (
					"$(inherited)",
					"@executable_path/Frameworks",
					"@loader_path/Frameworks",
				);
				PRODUCT_BUNDLE_IDENTIFIER = "com.gmail-muranomurabito.QittaApiAppTests";
				PRODUCT_NAME = "$(TARGET_NAME)";
				SWIFT_VERSION = 5.0;
				TARGETED_DEVICE_FAMILY = "1,2";
				TEST_HOST = "$(BUILT_PRODUCTS_DIR)/QittaApiApp.app/QittaApiApp";
			};
			name = Debug;
		};
		4AEB375623CB60120001A017 /* Release */ = {
			isa = XCBuildConfiguration;
			buildSettings = {
				ALWAYS_EMBED_SWIFT_STANDARD_LIBRARIES = YES;
				BUNDLE_LOADER = "$(TEST_HOST)";
				CODE_SIGN_STYLE = Automatic;
				INFOPLIST_FILE = QittaApiAppTests/Info.plist;
				LD_RUNPATH_SEARCH_PATHS = (
					"$(inherited)",
					"@executable_path/Frameworks",
					"@loader_path/Frameworks",
				);
				PRODUCT_BUNDLE_IDENTIFIER = "com.gmail-muranomurabito.QittaApiAppTests";
				PRODUCT_NAME = "$(TARGET_NAME)";
				SWIFT_VERSION = 5.0;
				TARGETED_DEVICE_FAMILY = "1,2";
				TEST_HOST = "$(BUILT_PRODUCTS_DIR)/QittaApiApp.app/QittaApiApp";
			};
			name = Release;
		};
		4AEB375823CB60120001A017 /* Debug */ = {
			isa = XCBuildConfiguration;
			buildSettings = {
				ALWAYS_EMBED_SWIFT_STANDARD_LIBRARIES = YES;
				CODE_SIGN_STYLE = Automatic;
				INFOPLIST_FILE = QittaApiAppUITests/Info.plist;
				LD_RUNPATH_SEARCH_PATHS = (
					"$(inherited)",
					"@executable_path/Frameworks",
					"@loader_path/Frameworks",
				);
				PRODUCT_BUNDLE_IDENTIFIER = "com.gmail-muranomurabito.QittaApiAppUITests";
				PRODUCT_NAME = "$(TARGET_NAME)";
				SWIFT_VERSION = 5.0;
				TARGETED_DEVICE_FAMILY = "1,2";
				TEST_TARGET_NAME = QittaApiApp;
			};
			name = Debug;
		};
		4AEB375923CB60120001A017 /* Release */ = {
			isa = XCBuildConfiguration;
			buildSettings = {
				ALWAYS_EMBED_SWIFT_STANDARD_LIBRARIES = YES;
				CODE_SIGN_STYLE = Automatic;
				INFOPLIST_FILE = QittaApiAppUITests/Info.plist;
				LD_RUNPATH_SEARCH_PATHS = (
					"$(inherited)",
					"@executable_path/Frameworks",
					"@loader_path/Frameworks",
				);
				PRODUCT_BUNDLE_IDENTIFIER = "com.gmail-muranomurabito.QittaApiAppUITests";
				PRODUCT_NAME = "$(TARGET_NAME)";
				SWIFT_VERSION = 5.0;
				TARGETED_DEVICE_FAMILY = "1,2";
				TEST_TARGET_NAME = QittaApiApp;
			};
			name = Release;
		};
/* End XCBuildConfiguration section */

/* Begin XCConfigurationList section */
		4AEB372423CB60100001A017 /* Build configuration list for PBXProject "QittaApiApp" */ = {
			isa = XCConfigurationList;
			buildConfigurations = (
				4AEB374F23CB60120001A017 /* Debug */,
				4AEB375023CB60120001A017 /* Release */,
			);
			defaultConfigurationIsVisible = 0;
			defaultConfigurationName = Release;
		};
		4AEB375123CB60120001A017 /* Build configuration list for PBXNativeTarget "QittaApiApp" */ = {
			isa = XCConfigurationList;
			buildConfigurations = (
				4AEB375223CB60120001A017 /* Debug */,
				4AEB375323CB60120001A017 /* Release */,
			);
			defaultConfigurationIsVisible = 0;
			defaultConfigurationName = Release;
		};
		4AEB375423CB60120001A017 /* Build configuration list for PBXNativeTarget "QittaApiAppTests" */ = {
			isa = XCConfigurationList;
			buildConfigurations = (
				4AEB375523CB60120001A017 /* Debug */,
				4AEB375623CB60120001A017 /* Release */,
			);
			defaultConfigurationIsVisible = 0;
			defaultConfigurationName = Release;
		};
		4AEB375723CB60120001A017 /* Build configuration list for PBXNativeTarget "QittaApiAppUITests" */ = {
			isa = XCConfigurationList;
			buildConfigurations = (
				4AEB375823CB60120001A017 /* Debug */,
				4AEB375923CB60120001A017 /* Release */,
			);
			defaultConfigurationIsVisible = 0;
			defaultConfigurationName = Release;
		};
/* End XCConfigurationList section */
	};
	rootObject = 4AEB372123CB60100001A017 /* Project object */;
}
